
Microsoft Visual Studio Solution File, Format Version 12.00
# Visual Studio Version 16
VisualStudioVersion = 16.0.30204.135
MinimumVisualStudioVersion = 10.0.40219.1
Project("{FAE04EC0-301F-11D3-BF4B-00C04F79EFBC}") = "WebAPI_WebForm", "WebAPI_WebForm\WebAPI_WebForm.csproj", "{97652550-8F75-49E1-9ABE-19C8D3D77028}"
EndProject
Global
	GlobalSection(SolutionConfigurationPlatforms) = preSolution
		Debug|Any CPU = Debug|Any CPU
		Release|Any CPU = Release|Any CPU
	EndGlobalSection
	GlobalSection(ProjectConfigurationPlatforms) = postSolution
		{97652550-8F75-49E1-9ABE-19C8D3D77028}.Debug|Any CPU.ActiveCfg = Debug|Any CPU
		{97652550-8F75-49E1-9ABE-19C8D3D77028}.Debug|Any CPU.Build.0 = Debug|Any CPU
		{97652550-8F75-49E1-9ABE-19C8D3D77028}.Release|Any CPU.ActiveCfg = Release|Any CPU
		{97652550-8F75-49E1-9ABE-19C8D3D77028}.Release|Any CPU.Build.0 = Release|Any CPU
	EndGlobalSection
	GlobalSection(SolutionProperties) = preSolution
		HideSolutionNode = FALSE
	EndGlobalSection
	GlobalSection(ExtensibilityGlobals) = postSolution
		SolutionGuid = {1EBF18BB-2495-41D5-99BC-87D88D521552}
	EndGlobalSection
EndGlobal
